
Microsoft Visual Studio Solution File, Format Version 12.00
# Visual Studio Version 16
VisualStudioVersion = 16.0.29215.179
MinimumVisualStudioVersion = 10.0.40219.1
Project("{FAE04EC0-301F-11D3-BF4B-00C04F79EFBC}") = "Updater", "Updater\Updater.csproj", "{577BA251-2994-4C0B-B48E-0CD3F7A3AAD8}"
EndProject
Project("{FAE04EC0-301F-11D3-BF4B-00C04F79EFBC}") = "Plugins", "Plugins\Plugins.csproj", "{D1C65483-7572-420C-9A33-EDB71B974CE7}"
EndProject
Project("{FAE04EC0-301F-11D3-BF4B-00C04F79EFBC}") = "Minecraft Adaptable Studio", "Adaptable Studio\Minecraft Adaptable Studio.csproj", "{D0408A8E-ADA3-481A-8A68-50264824B2FB}"
EndProject
Global
	GlobalSection(SolutionConfigurationPlatforms) = preSolution
		Debug|Any CPU = Debug|Any CPU
		Debug|ARM = Debug|ARM
		Debug|x64 = Debug|x64
		Debug|x86 = Debug|x86
		Release|Any CPU = Release|Any CPU
		Release|ARM = Release|ARM
		Release|x64 = Release|x64
		Release|x86 = Release|x86
	EndGlobalSection
	GlobalSection(ProjectConfigurationPlatforms) = postSolution
		{577BA251-2994-4C0B-B48E-0CD3F7A3AAD8}.Debug|Any CPU.ActiveCfg = Debug|Any CPU
		{577BA251-2994-4C0B-B48E-0CD3F7A3AAD8}.Debug|Any CPU.Build.0 = Debug|Any CPU
		{577BA251-2994-4C0B-B48E-0CD3F7A3AAD8}.Debug|ARM.ActiveCfg = Debug|Any CPU
		{577BA251-2994-4C0B-B48E-0CD3F7A3AAD8}.Debug|ARM.Build.0 = Debug|Any CPU
		{577BA251-2994-4C0B-B48E-0CD3F7A3AAD8}.Debug|x64.ActiveCfg = Debug|Any CPU
		{577BA251-2994-4C0B-B48E-0CD3F7A3AAD8}.Debug|x64.Build.0 = Debug|Any CPU
		{577BA251-2994-4C0B-B48E-0CD3F7A3AAD8}.Debug|x86.ActiveCfg = Debug|Any CPU
		{577BA251-2994-4C0B-B48E-0CD3F7A3AAD8}.Debug|x86.Build.0 = Debug|Any CPU
		{577BA251-2994-4C0B-B48E-0CD3F7A3AAD8}.Release|Any CPU.ActiveCfg = Release|Any CPU
		{577BA251-2994-4C0B-B48E-0CD3F7A3AAD8}.Release|Any CPU.Build.0 = Release|Any CPU
		{577BA251-2994-4C0B-B48E-0CD3F7A3AAD8}.Release|ARM.ActiveCfg = Release|Any CPU
		{577BA251-2994-4C0B-B48E-0CD3F7A3AAD8}.Release|ARM.Build.0 = Release|Any CPU
		{577BA251-2994-4C0B-B48E-0CD3F7A3AAD8}.Release|x64.ActiveCfg = Release|Any CPU
		{577BA251-2994-4C0B-B48E-0CD3F7A3AAD8}.Release|x64.Build.0 = Release|Any CPU
		{577BA251-2994-4C0B-B48E-0CD3F7A3AAD8}.Release|x86.ActiveCfg = Release|Any CPU
		{577BA251-2994-4C0B-B48E-0CD3F7A3AAD8}.Release|x86.Build.0 = Release|Any CPU
		{D1C65483-7572-420C-9A33-EDB71B974CE7}.Debug|Any CPU.ActiveCfg = Debug|Any CPU
		{D1C65483-7572-420C-9A33-EDB71B974CE7}.Debug|Any CPU.Build.0 = Debug|Any CPU
		{D1C65483-7572-420C-9A33-EDB71B974CE7}.Debug|ARM.ActiveCfg = Debug|Any CPU
		{D1C65483-7572-420C-9A33-EDB71B974CE7}.Debug|ARM.Build.0 = Debug|Any CPU
		{D1C65483-7572-420C-9A33-EDB71B974CE7}.Debug|x64.ActiveCfg = Debug|Any CPU
		{D1C65483-7572-420C-9A33-EDB71B974CE7}.Debug|x64.Build.0 = Debug|Any CPU
		{D1C65483-7572-420C-9A33-EDB71B974CE7}.Debug|x86.ActiveCfg = Debug|Any CPU
		{D1C65483-7572-420C-9A33-EDB71B974CE7}.Debug|x86.Build.0 = Debug|Any CPU
		{D1C65483-7572-420C-9A33-EDB71B974CE7}.Release|Any CPU.ActiveCfg = Release|Any CPU
		{D1C65483-7572-420C-9A33-EDB71B974CE7}.Release|Any CPU.Build.0 = Release|Any CPU
		{D1C65483-7572-420C-9A33-EDB71B974CE7}.Release|ARM.ActiveCfg = Release|Any CPU
		{D1C65483-7572-420C-9A33-EDB71B974CE7}.Release|ARM.Build.0 = Release|Any CPU
		{D1C65483-7572-420C-9A33-EDB71B974CE7}.Release|x64.ActiveCfg = Release|Any CPU
		{D1C65483-7572-420C-9A33-EDB71B974CE7}.Release|x64.Build.0 = Release|Any CPU
		{D1C65483-7572-420C-9A33-EDB71B974CE7}.Release|x86.ActiveCfg = Release|Any CPU
		{D1C65483-7572-420C-9A33-EDB71B974CE7}.Release|x86.Build.0 = Release|Any CPU
		{D0408A8E-ADA3-481A-8A68-50264824B2FB}.Debug|Any CPU.ActiveCfg = Debug|Any CPU
		{D0408A8E-ADA3-481A-8A68-50264824B2FB}.Debug|Any CPU.Build.0 = Debug|Any CPU
		{D0408A8E-ADA3-481A-8A68-50264824B2FB}.Debug|ARM.ActiveCfg = Debug|Any CPU
		{D0408A8E-ADA3-481A-8A68-50264824B2FB}.Debug|ARM.Build.0 = Debug|Any CPU
		{D0408A8E-ADA3-481A-8A68-50264824B2FB}.Debug|x64.ActiveCfg = Debug|Any CPU
		{D0408A8E-ADA3-481A-8A68-50264824B2FB}.Debug|x64.Build.0 = Debug|Any CPU
		{D0408A8E-ADA3-481A-8A68-50264824B2FB}.Debug|x86.ActiveCfg = Debug|Any CPU
		{D0408A8E-ADA3-481A-8A68-50264824B2FB}.Debug|x86.Build.0 = Debug|Any CPU
		{D0408A8E-ADA3-481A-8A68-50264824B2FB}.Release|Any CPU.ActiveCfg = Release|Any CPU
		{D0408A8E-ADA3-481A-8A68-50264824B2FB}.Release|Any CPU.Build.0 = Release|Any CPU
		{D0408A8E-ADA3-481A-8A68-50264824B2FB}.Release|ARM.ActiveCfg = Release|Any CPU
		{D0408A8E-ADA3-481A-8A68-50264824B2FB}.Release|ARM.Build.0 = Release|Any CPU
		{D0408A8E-ADA3-481A-8A68-50264824B2FB}.Release|x64.ActiveCfg = Release|Any CPU
		{D0408A8E-ADA3-481A-8A68-50264824B2FB}.Release|x64.Build.0 = Release|Any CPU
		{D0408A8E-ADA3-481A-8A68-50264824B2FB}.Release|x86.ActiveCfg = Release|Any CPU
		{D0408A8E-ADA3-481A-8A68-50264824B2FB}.Release|x86.Build.0 = Release|Any CPU
	EndGlobalSection
	GlobalSection(SolutionProperties) = preSolution
		HideSolutionNode = FALSE
	EndGlobalSection
	GlobalSection(ExtensibilityGlobals) = postSolution
		SolutionGuid = {C3679DBF-24AD-43E8-B676-DD62515B72D4}
	EndGlobalSection
EndGlobal
